
Microsoft Visual Studio Solution File, Format Version 12.00
# Visual Studio 15
VisualStudioVersion = 15.0.28307.421
MinimumVisualStudioVersion = 10.0.40219.1
Project("{9A19103F-16F7-4668-BE54-9A1E7A4F7556}") = "ChesterDevsUnitTests", "ChesterDevsUnitTests\ChesterDevsUnitTests.csproj", "{BB6811A5-0444-4D78-A425-1141C4D46A07}"
EndProject
Project("{FAE04EC0-301F-11D3-BF4B-00C04F79EFBC}") = "Tests", "Tests\Tests.csproj", "{342003E8-1989-4AD9-BAE0-4A0D70EE7CAD}"
EndProject
Global
	GlobalSection(SolutionConfigurationPlatforms) = preSolution
		Debug|Any CPU = Debug|Any CPU
		Release|Any CPU = Release|Any CPU
	EndGlobalSection
	GlobalSection(ProjectConfigurationPlatforms) = postSolution
		{BB6811A5-0444-4D78-A425-1141C4D46A07}.Debug|Any CPU.ActiveCfg = Debug|Any CPU
		{BB6811A5-0444-4D78-A425-1141C4D46A07}.Debug|Any CPU.Build.0 = Debug|Any CPU
		{BB6811A5-0444-4D78-A425-1141C4D46A07}.Release|Any CPU.ActiveCfg = Release|Any CPU
		{BB6811A5-0444-4D78-A425-1141C4D46A07}.Release|Any CPU.Build.0 = Release|Any CPU
		{342003E8-1989-4AD9-BAE0-4A0D70EE7CAD}.Debug|Any CPU.ActiveCfg = Debug|Any CPU
		{342003E8-1989-4AD9-BAE0-4A0D70EE7CAD}.Debug|Any CPU.Build.0 = Debug|Any CPU
		{342003E8-1989-4AD9-BAE0-4A0D70EE7CAD}.Release|Any CPU.ActiveCfg = Release|Any CPU
		{342003E8-1989-4AD9-BAE0-4A0D70EE7CAD}.Release|Any CPU.Build.0 = Release|Any CPU
	EndGlobalSection
	GlobalSection(SolutionProperties) = preSolution
		HideSolutionNode = FALSE
	EndGlobalSection
	GlobalSection(ExtensibilityGlobals) = postSolution
		SolutionGuid = {F009F1FE-EBAE-4352-B57C-57E9912F1E7B}
	EndGlobalSection
EndGlobal
